
Microsoft Visual Studio Solution File, Format Version 12.00
# Visual Studio Version 17
VisualStudioVersion = 17.2.32526.322
MinimumVisualStudioVersion = 10.0.40219.1
Project("{FAE04EC0-301F-11D3-BF4B-00C04F79EFBC}") = "WebApplication1", "WebApplication1\WebApplication1.csproj", "{28EF1978-D954-4225-B0D4-5B72351C2E0E}"
EndProject
Global
	GlobalSection(SolutionConfigurationPlatforms) = preSolution
		Debug|Any CPU = Debug|Any CPU
		Release|Any CPU = Release|Any CPU
	EndGlobalSection
	GlobalSection(ProjectConfigurationPlatforms) = postSolution
		{28EF1978-D954-4225-B0D4-5B72351C2E0E}.Debug|Any CPU.ActiveCfg = Debug|Any CPU
		{28EF1978-D954-4225-B0D4-5B72351C2E0E}.Debug|Any CPU.Build.0 = Debug|Any CPU
		{28EF1978-D954-4225-B0D4-5B72351C2E0E}.Release|Any CPU.ActiveCfg = Release|Any CPU
		{28EF1978-D954-4225-B0D4-5B72351C2E0E}.Release|Any CPU.Build.0 = Release|Any CPU
	EndGlobalSection
	GlobalSection(SolutionProperties) = preSolution
		HideSolutionNode = FALSE
	EndGlobalSection
	GlobalSection(ExtensibilityGlobals) = postSolution
		SolutionGuid = {5EA66869-9CB5-4942-BA92-ADAC6D500A1E}
	EndGlobalSection
EndGlobal
